
Microsoft Visual Studio Solution File, Format Version 12.00
# Visual Studio Version 16
VisualStudioVersion = 16.0.31829.152
MinimumVisualStudioVersion = 10.0.40219.1
Project("{FAE04EC0-301F-11D3-BF4B-00C04F79EFBC}") = "UploadAPI", "UploadAPI\UploadAPI.csproj", "{27594A57-64B2-46FC-ADAB-3E68C2E6F071}"
EndProject
Project("{FAE04EC0-301F-11D3-BF4B-00C04F79EFBC}") = "UI", "UI\UI.csproj", "{361F5695-7FCE-440C-89F7-099B1F808CBD}"
EndProject
Global
	GlobalSection(SolutionConfigurationPlatforms) = preSolution
		Debug|Any CPU = Debug|Any CPU
		Release|Any CPU = Release|Any CPU
	EndGlobalSection
	GlobalSection(ProjectConfigurationPlatforms) = postSolution
		{27594A57-64B2-46FC-ADAB-3E68C2E6F071}.Debug|Any CPU.ActiveCfg = Debug|Any CPU
		{27594A57-64B2-46FC-ADAB-3E68C2E6F071}.Debug|Any CPU.Build.0 = Debug|Any CPU
		{27594A57-64B2-46FC-ADAB-3E68C2E6F071}.Release|Any CPU.ActiveCfg = Release|Any CPU
		{27594A57-64B2-46FC-ADAB-3E68C2E6F071}.Release|Any CPU.Build.0 = Release|Any CPU
		{361F5695-7FCE-440C-89F7-099B1F808CBD}.Debug|Any CPU.ActiveCfg = Debug|Any CPU
		{361F5695-7FCE-440C-89F7-099B1F808CBD}.Debug|Any CPU.Build.0 = Debug|Any CPU
		{361F5695-7FCE-440C-89F7-099B1F808CBD}.Release|Any CPU.ActiveCfg = Release|Any CPU
		{361F5695-7FCE-440C-89F7-099B1F808CBD}.Release|Any CPU.Build.0 = Release|Any CPU
	EndGlobalSection
	GlobalSection(SolutionProperties) = preSolution
		HideSolutionNode = FALSE
	EndGlobalSection
	GlobalSection(ExtensibilityGlobals) = postSolution
		SolutionGuid = {B490AD93-B356-49D3-8F80-685F31B16D80}
	EndGlobalSection
EndGlobal
